# @generated - this file is auto-generated by `mise lock` https://mise.en.dev/dev-tools/mise-lock.html

[[tools."github:EmbarkStudios/cargo-about"]]
version = "0.8.4"
backend = "github:EmbarkStudios/cargo-about"

[tools."github:EmbarkStudios/cargo-about".options]
version_prefix = ""

[tools."github:EmbarkStudios/cargo-about"."platforms.linux-arm64"]
checksum = "sha256:33e0d54c0366308095fdb9101642d281b224131299e1c62001f43aa02bb3573e"
url = "https://github.com/EmbarkStudios/cargo-about/releases/download/0.8.4/cargo-about-0.8.4-aarch64-unknown-linux-musl.tar.gz"
url_api = "https://api.github.com/repos/EmbarkStudios/cargo-about/releases/assets/324268870"

[tools."github:EmbarkStudios/cargo-about"."platforms.linux-x64"]
checksum = "sha256:c7381aa0cdc41fc0ee662cec8daa260da7817ad8ddea04cd4ddad425460adf14"
url = "https://github.com/EmbarkStudios/cargo-about/releases/download/0.8.4/cargo-about-0.8.4-x86_64-unknown-linux-musl.tar.gz"
url_api = "https://api.github.com/repos/EmbarkStudios/cargo-about/releases/assets/324268787"

[tools."github:EmbarkStudios/cargo-about"."platforms.macos-arm64"]
checksum = "sha256:d5255ead3ac861a11c785bf19d4f70f16e59ac8b9519c312da61213d3d57351d"
url = "https://github.com/EmbarkStudios/cargo-about/releases/download/0.8.4/cargo-about-0.8.4-aarch64-apple-darwin.tar.gz"
url_api = "https://api.github.com/repos/EmbarkStudios/cargo-about/releases/assets/324268695"

[[tools."github:anchore/syft"]]
version = "1.44.0"
backend = "github:anchore/syft"

[tools."github:anchore/syft"."platforms.linux-arm64"]
checksum = "sha256:6f6cdcdc695721d91ce756e3b5bc3e3416599c464101f5e32e9c3f33054ee6d9"
url = "https://github.com/anchore/syft/releases/download/v1.44.0/syft_1.44.0_linux_arm64.tar.gz"
url_api = "https://api.github.com/repos/anchore/syft/releases/assets/410001182"
provenance = "github-attestations"

[tools."github:anchore/syft"."platforms.linux-x64"]
checksum = "sha256:0e91737aee2b5baf1d255b959630194a302335d848ff97bb07921eb6205b5f5a"
url = "https://github.com/anchore/syft/releases/download/v1.44.0/syft_1.44.0_linux_amd64.tar.gz"
url_api = "https://api.github.com/repos/anchore/syft/releases/assets/410001183"
provenance = "github-attestations"

[tools."github:anchore/syft"."platforms.macos-arm64"]
checksum = "sha256:24e4d34078ae81da7c82539616f0ccac3e226cf4f74a38ce6fb3463619e50a55"
url = "https://github.com/anchore/syft/releases/download/v1.44.0/syft_1.44.0_darwin_arm64.tar.gz"
url_api = "https://api.github.com/repos/anchore/syft/releases/assets/410001187"
provenance = "github-attestations"

[[tools."github:mozilla/sccache"]]
version = "0.14.0"
backend = "github:mozilla/sccache"

[tools."github:mozilla/sccache"."platforms.linux-arm64"]
checksum = "sha256:62a6c942c47c93333bc0174704800cef7edfa0416d08e1356c1d3e39f0b462f2"
url = "https://github.com/mozilla/sccache/releases/download/v0.14.0/sccache-v0.14.0-aarch64-unknown-linux-musl.tar.gz"
url_api = "https://api.github.com/repos/mozilla/sccache/releases/assets/353136010"

[tools."github:mozilla/sccache"."platforms.linux-x64"]
checksum = "sha256:8424b38cda4ecce616a1557d81328f3d7c96503a171eab79942fad618b42af44"
url = "https://github.com/mozilla/sccache/releases/download/v0.14.0/sccache-v0.14.0-x86_64-unknown-linux-musl.tar.gz"
url_api = "https://api.github.com/repos/mozilla/sccache/releases/assets/353136108"

[tools."github:mozilla/sccache"."platforms.macos-arm64"]
checksum = "sha256:a781e8018260ab128e7690d8497736fa231b6ca895d57131d5b5b966ca987594"
url = "https://github.com/mozilla/sccache/releases/download/v0.14.0/sccache-v0.14.0-aarch64-apple-darwin.tar.gz"
url_api = "https://api.github.com/repos/mozilla/sccache/releases/assets/353135984"

[[tools."github:mozilla/sccache"]]
version = "0.14.0"
backend = "github:mozilla/sccache"

[tools."github:mozilla/sccache".options]
asset_pattern = "sccache-v*x86_64*linux*.tar.gz"

[tools."github:mozilla/sccache"."platforms.linux-x64"]
checksum = "sha256:8424b38cda4ecce616a1557d81328f3d7c96503a171eab79942fad618b42af44"
url = "https://github.com/mozilla/sccache/releases/download/v0.14.0/sccache-v0.14.0-x86_64-unknown-linux-musl.tar.gz"
url_api = "https://api.github.com/repos/mozilla/sccache/releases/assets/353136108"

[[tools."github:rust-cross/cargo-zigbuild"]]
version = "0.22.3"
backend = "github:rust-cross/cargo-zigbuild"

[tools."github:rust-cross/cargo-zigbuild"."platforms.linux-arm64"]
checksum = "sha256:6f86a78cf8be222ac08a68a944ffd8a1ef9d455c504097f0ffbd8bcfbe434a55"
url = "https://github.com/rust-cross/cargo-zigbuild/releases/download/v0.22.3/cargo-zigbuild-aarch64-unknown-linux-gnu.tar.xz"
url_api = "https://api.github.com/repos/rust-cross/cargo-zigbuild/releases/assets/405676932"

[tools."github:rust-cross/cargo-zigbuild"."platforms.linux-x64"]
checksum = "sha256:6a014d41ba41ca4b69ca4c4819b9f78a41b0197b5d486904e31c1244e3686190"
url = "https://github.com/rust-cross/cargo-zigbuild/releases/download/v0.22.3/cargo-zigbuild-x86_64-unknown-linux-gnu.tar.xz"
url_api = "https://api.github.com/repos/rust-cross/cargo-zigbuild/releases/assets/405676949"

[tools."github:rust-cross/cargo-zigbuild"."platforms.macos-arm64"]
checksum = "sha256:29caf036bdbb4e6f07afea31706b6f386cb5a4db9a46a3a8b462b9b78157e08d"
url = "https://github.com/rust-cross/cargo-zigbuild/releases/download/v0.22.3/cargo-zigbuild-aarch64-apple-darwin.tar.xz"
url_api = "https://api.github.com/repos/rust-cross/cargo-zigbuild/releases/assets/405676922"

[[tools.helm]]
version = "4.2.0"
backend = "aqua:helm/helm"

[tools.helm."platforms.linux-arm64"]
checksum = "sha256:1f8de130dfbd04de64978e7b852a7a547be1404956a366608276d2520b678670"
url = "https://get.helm.sh/helm-v4.2.0-linux-arm64.tar.gz"

[tools.helm."platforms.linux-x64"]
checksum = "sha256:97dbeb971be4ac4b27e3839976d9564c0fb35c6f3b1da89dd1e292d236af4096"
url = "https://get.helm.sh/helm-v4.2.0-linux-amd64.tar.gz"

[tools.helm."platforms.macos-arm64"]
checksum = "sha256:f13f959015447b6bc309f9fd506509926543988a39035c088b52522ec95e2acb"
url = "https://get.helm.sh/helm-v4.2.0-darwin-arm64.tar.gz"

[[tools.helm-docs]]
version = "1.14.2"
backend = "aqua:norwoodj/helm-docs"

[tools.helm-docs."platforms.linux-arm64"]
checksum = "sha256:c3787212332386dcd122debef7848feb165aa701467ae3e3442df7638f3ac4e4"
url = "https://github.com/norwoodj/helm-docs/releases/download/v1.14.2/helm-docs_1.14.2_Linux_arm64.tar.gz"

[tools.helm-docs."platforms.linux-x64"]
checksum = "sha256:a8cf72ada34fad93285ba2a452b38bdc5bd52cc9a571236244ec31022928d6cc"
url = "https://github.com/norwoodj/helm-docs/releases/download/v1.14.2/helm-docs_1.14.2_Linux_x86_64.tar.gz"

[tools.helm-docs."platforms.macos-arm64"]
checksum = "sha256:2d8399db5b33d240d5f8985241bcf5483563150b968e3229823822979f3e4b8b"
url = "https://github.com/norwoodj/helm-docs/releases/download/v1.14.2/helm-docs_1.14.2_Darwin_arm64.tar.gz"

[[tools.k3d]]
version = "5.8.3"
backend = "aqua:k3d-io/k3d"

[tools.k3d."platforms.linux-arm64"]
checksum = "sha256:0b8110f2229631af7402fb828259330985918b08fefd38b7f1b788a1c8687216"
url = "https://github.com/k3d-io/k3d/releases/download/v5.8.3/k3d-linux-arm64"

[tools.k3d."platforms.linux-x64"]
checksum = "sha256:dbaa79a76ace7f4ca230a1ff41dc7d8a5036a8ad0309e9c54f9bf3836dbe853e"
url = "https://github.com/k3d-io/k3d/releases/download/v5.8.3/k3d-linux-amd64"

[tools.k3d."platforms.macos-arm64"]
checksum = "sha256:8da468daa7dc7cf7cdd4735f90a9bb05179fa27858250f62e3d8cdf5b5ca0698"
url = "https://github.com/k3d-io/k3d/releases/download/v5.8.3/k3d-darwin-arm64"

[[tools.kubectl]]
version = "1.36.1"
backend = "aqua:kubernetes/kubernetes/kubectl"

[tools.kubectl."platforms.linux-arm64"]
checksum = "sha256:59f7ee8e477fae658447607dc3c8790ac17a1b016c01c622c12070e969e2d4e7"
url = "https://dl.k8s.io/v1.36.1/bin/linux/arm64/kubectl"

[tools.kubectl."platforms.linux-x64"]
checksum = "sha256:629d3f410e09bf49b64ae7079f7f0bda1191efed311f7d37fdbab0ad5b0ec2b7"
url = "https://dl.k8s.io/v1.36.1/bin/linux/amd64/kubectl"

[tools.kubectl."platforms.macos-arm64"]
checksum = "sha256:9092778abaef3079449da4cd70ded0e4be112480c93efcdeace3155968d1d133"
url = "https://dl.k8s.io/v1.36.1/bin/darwin/arm64/kubectl"

[[tools.node]]
version = "24.15.0"
backend = "core:node"

[tools.node."platforms.linux-arm64"]
checksum = "sha256:73afc234d558c24919875f51c2d1ea002a2ada4ea6f83601a383869fefa64eed"
url = "https://nodejs.org/dist/v24.15.0/node-v24.15.0-linux-arm64.tar.gz"

[tools.node."platforms.linux-x64"]
checksum = "sha256:44836872d9aec49f1e6b52a9a922872db9a2b02d235a616a5681b6a85fec8d89"
url = "https://nodejs.org/dist/v24.15.0/node-v24.15.0-linux-x64.tar.gz"

[tools.node."platforms.macos-arm64"]
checksum = "sha256:372331b969779ab5d15b949884fc6eaf88d5afe87bde8ba881d6400b9100ffc4"
url = "https://nodejs.org/dist/v24.15.0/node-v24.15.0-darwin-arm64.tar.gz"

[[tools."npm:markdownlint-cli2"]]
version = "0.22.0"
backend = "npm:markdownlint-cli2"

[[tools.protoc]]
version = "29.6"
backend = "aqua:protocolbuffers/protobuf/protoc"

[tools.protoc."platforms.linux-arm64"]
checksum = "sha256:2594ff4fcae8cb57310d394d0961b236190ad9c5efbfdf1f597ea471d424fe79"
url = "https://github.com/protocolbuffers/protobuf/releases/download/v29.6/protoc-29.6-linux-aarch_64.zip"

[tools.protoc."platforms.linux-x64"]
checksum = "sha256:48785a926e73ffa3f68e2f22b14e7b849620c7a1d36809ac9249a5495e280323"
url = "https://github.com/protocolbuffers/protobuf/releases/download/v29.6/protoc-29.6-linux-x86_64.zip"

[tools.protoc."platforms.macos-arm64"]
checksum = "sha256:b9576b5fa1a1ef3fe13a8c91d9d8204b46545759bea5ae155cd6ba2ea4cdaeed"
url = "https://github.com/protocolbuffers/protobuf/releases/download/v29.6/protoc-29.6-osx-aarch_64.zip"

[[tools.python]]
version = "3.14.5"
backend = "core:python"

[tools.python.options]
precompiled_flavor = "install_only_stripped"

[tools.python."platforms.linux-arm64"]
checksum = "sha256:1d3ea1b3cd9b8f3d53afb629e82e9bc8f6dab6cbb1a7d23524bd86ba5bc22570"
url = "https://github.com/astral-sh/python-build-standalone/releases/download/20260602/cpython-3.14.5+20260602-aarch64-unknown-linux-gnu-install_only_stripped.tar.gz"
provenance = "github-attestations"

[tools.python."platforms.linux-x64"]
checksum = "sha256:982a60fc7f11bbe405ab54afcd4eb145f1134797bbbffac9f5c49df4ec98b13e"
url = "https://github.com/astral-sh/python-build-standalone/releases/download/20260602/cpython-3.14.5+20260602-x86_64-unknown-linux-gnu-install_only_stripped.tar.gz"
provenance = "github-attestations"

[tools.python."platforms.macos-arm64"]
checksum = "sha256:3a0373cc39fefd494754ef555267f245c720cddbaaabf63a7c9a4269f1e56532"
url = "https://github.com/astral-sh/python-build-standalone/releases/download/20260602/cpython-3.14.5+20260602-aarch64-apple-darwin-install_only_stripped.tar.gz"
provenance = "github-attestations"

[[tools.rust]]
version = "1.95.0"
backend = "core:rust"

[[tools.skaffold]]
version = "2.20.0"
backend = "aqua:GoogleContainerTools/skaffold"

[tools.skaffold."platforms.linux-arm64"]
url = "https://storage.googleapis.com/skaffold/releases/v2.20.0/skaffold-linux-arm64"

[tools.skaffold."platforms.linux-x64"]
checksum = "blake3:4de6b14984ff1c7e5f107dd12d15890feb4b6600032d61158162c243a81d9156"
url = "https://storage.googleapis.com/skaffold/releases/v2.20.0/skaffold-linux-amd64"

[tools.skaffold."platforms.macos-arm64"]
url = "https://storage.googleapis.com/skaffold/releases/v2.20.0/skaffold-darwin-arm64"

[[tools.uv]]
version = "0.10.12"
backend = "aqua:astral-sh/uv"

[tools.uv."platforms.linux-arm64"]
checksum = "sha256:55bd1c1c10ec8b95a8c184f5e18b566703c6ab105f0fc118aaa4d748aabf28e4"
url = "https://github.com/astral-sh/uv/releases/download/0.10.12/uv-aarch64-unknown-linux-musl.tar.gz"
provenance = "github-attestations"

[tools.uv."platforms.linux-x64"]
checksum = "sha256:adccf40b5d1939a5e0093081ec2307ea24235adf7c2d96b122c561fa37711c46"
url = "https://github.com/astral-sh/uv/releases/download/0.10.12/uv-x86_64-unknown-linux-musl.tar.gz"
provenance = "github-attestations"

[tools.uv."platforms.macos-arm64"]
checksum = "sha256:ae738b5661a900579ec621d3918c0ef17bdec0da2a8a6d8b161137cd15f25414"
url = "https://github.com/astral-sh/uv/releases/download/0.10.12/uv-aarch64-apple-darwin.tar.gz"
provenance = "github-attestations"

[[tools.zig]]
version = "0.14.1"
backend = "core:zig"

[tools.zig."platforms.linux-arm64"]
checksum = "sha256:f7a654acc967864f7a050ddacfaa778c7504a0eca8d2b678839c21eea47c992b"
url = "https://ziglang.org/download/0.14.1/zig-aarch64-linux-0.14.1.tar.xz"

[tools.zig."platforms.linux-x64"]
checksum = "sha256:24aeeec8af16c381934a6cd7d95c807a8cb2cf7df9fa40d359aa884195c4716c"
url = "https://ziglang.org/download/0.14.1/zig-x86_64-linux-0.14.1.tar.xz"

[tools.zig."platforms.macos-arm64"]
checksum = "sha256:39f3dc5e79c22088ce878edc821dedb4ca5a1cd9f5ef915e9b3cc3053e8faefa"
url = "https://ziglang.org/download/0.14.1/zig-aarch64-macos-0.14.1.tar.xz"
